
Microsoft Visual Studio Solution File, Format Version 12.00
Project("{FAE04EC0-301F-11D3-BF4B-00C04F79EFBC}") = "Pokégen.PkHex", "Pokégen.PkHex\Pokégen.PkHex.csproj", "{109BF555-8164-438D-B379-5309C98A24BF}"
EndProject
Global
	GlobalSection(SolutionConfigurationPlatforms) = preSolution
		Debug|Any CPU = Debug|Any CPU
		Release|Any CPU = Release|Any CPU
	EndGlobalSection
	GlobalSection(ProjectConfigurationPlatforms) = postSolution
		{109BF555-8164-438D-B379-5309C98A24BF}.Debug|Any CPU.ActiveCfg = Debug|Any CPU
		{109BF555-8164-438D-B379-5309C98A24BF}.Debug|Any CPU.Build.0 = Debug|Any CPU
		{109BF555-8164-438D-B379-5309C98A24BF}.Release|Any CPU.ActiveCfg = Release|Any CPU
		{109BF555-8164-438D-B379-5309C98A24BF}.Release|Any CPU.Build.0 = Release|Any CPU
	EndGlobalSection
EndGlobal
